
Microsoft Visual Studio Solution File, Format Version 12.00
# Visual Studio 15
VisualStudioVersion = 15.0.28307.539
MinimumVisualStudioVersion = 10.0.40219.1
Project("{FAE04EC0-301F-11D3-BF4B-00C04F79EFBC}") = "IngaNisciorZadLab1", "IngaNisciorZadLab1\IngaNisciorZadLab1.csproj", "{8F202AD3-F58F-41D2-94C6-B1796E07318D}"
EndProject
Global
	GlobalSection(SolutionConfigurationPlatforms) = preSolution
		Debug|Any CPU = Debug|Any CPU
		Release|Any CPU = Release|Any CPU
	EndGlobalSection
	GlobalSection(ProjectConfigurationPlatforms) = postSolution
		{8F202AD3-F58F-41D2-94C6-B1796E07318D}.Debug|Any CPU.ActiveCfg = Debug|Any CPU
		{8F202AD3-F58F-41D2-94C6-B1796E07318D}.Debug|Any CPU.Build.0 = Debug|Any CPU
		{8F202AD3-F58F-41D2-94C6-B1796E07318D}.Release|Any CPU.ActiveCfg = Release|Any CPU
		{8F202AD3-F58F-41D2-94C6-B1796E07318D}.Release|Any CPU.Build.0 = Release|Any CPU
	EndGlobalSection
	GlobalSection(SolutionProperties) = preSolution
		HideSolutionNode = FALSE
	EndGlobalSection
	GlobalSection(ExtensibilityGlobals) = postSolution
		SolutionGuid = {D23EC339-FD8D-41DC-A308-9736083DC836}
	EndGlobalSection
EndGlobal
